
Microsoft Visual Studio Solution File, Format Version 12.00
# Visual Studio Version 17
VisualStudioVersion = 17.3.32929.385
MinimumVisualStudioVersion = 10.0.40219.1
Project("{9A19103F-16F7-4668-BE54-9A1E7A4F7556}") = "ConvertShell", "ConvertShell\ConvertShell.csproj", "{17E019BE-5363-4F86-9740-F57FBF74A87E}"
EndProject
Project("{FAE04EC0-301F-11D3-BF4B-00C04F79EFBC}") = "Convertio.Tests", "Convertio.Tests\Convertio.Tests.csproj", "{74E3660D-F4D9-452A-AEA4-CFABC4A3EB29}"
EndProject
Project("{FAE04EC0-301F-11D3-BF4B-00C04F79EFBC}") = "Convert.IntegrationTests", "Convert.IntegrationTests\Convert.IntegrationTests.csproj", "{89FECDD8-676D-45C0-B175-7C2488FDC76F}"
EndProject
Global
	GlobalSection(SolutionConfigurationPlatforms) = preSolution
		Debug|Any CPU = Debug|Any CPU
		Release|Any CPU = Release|Any CPU
	EndGlobalSection
	GlobalSection(ProjectConfigurationPlatforms) = postSolution
		{17E019BE-5363-4F86-9740-F57FBF74A87E}.Debug|Any CPU.ActiveCfg = Debug|Any CPU
		{17E019BE-5363-4F86-9740-F57FBF74A87E}.Debug|Any CPU.Build.0 = Debug|Any CPU
		{17E019BE-5363-4F86-9740-F57FBF74A87E}.Release|Any CPU.ActiveCfg = Release|Any CPU
		{17E019BE-5363-4F86-9740-F57FBF74A87E}.Release|Any CPU.Build.0 = Release|Any CPU
		{74E3660D-F4D9-452A-AEA4-CFABC4A3EB29}.Debug|Any CPU.ActiveCfg = Debug|Any CPU
		{74E3660D-F4D9-452A-AEA4-CFABC4A3EB29}.Debug|Any CPU.Build.0 = Debug|Any CPU
		{74E3660D-F4D9-452A-AEA4-CFABC4A3EB29}.Release|Any CPU.ActiveCfg = Release|Any CPU
		{74E3660D-F4D9-452A-AEA4-CFABC4A3EB29}.Release|Any CPU.Build.0 = Release|Any CPU
		{89FECDD8-676D-45C0-B175-7C2488FDC76F}.Debug|Any CPU.ActiveCfg = Debug|Any CPU
		{89FECDD8-676D-45C0-B175-7C2488FDC76F}.Debug|Any CPU.Build.0 = Debug|Any CPU
		{89FECDD8-676D-45C0-B175-7C2488FDC76F}.Release|Any CPU.ActiveCfg = Release|Any CPU
		{89FECDD8-676D-45C0-B175-7C2488FDC76F}.Release|Any CPU.Build.0 = Release|Any CPU
	EndGlobalSection
	GlobalSection(SolutionProperties) = preSolution
		HideSolutionNode = FALSE
	EndGlobalSection
	GlobalSection(ExtensibilityGlobals) = postSolution
		SolutionGuid = {E77D19B5-D3AC-486E-B3C0-5DDB693AC01A}
	EndGlobalSection
EndGlobal
